
Microsoft Visual Studio Solution File, Format Version 12.00
# Visual Studio 15
VisualStudioVersion = 15.0.28010.2046
MinimumVisualStudioVersion = 10.0.40219.1
Project("{FAE04EC0-301F-11D3-BF4B-00C04F79EFBC}") = "PaymentServiceWindowsService", "PaymentServiceWindowsService\PaymentServiceWindowsService.csproj", "{567D92E8-B67C-425B-8E99-B154069F7B24}"
EndProject
Project("{FAE04EC0-301F-11D3-BF4B-00C04F79EFBC}") = "IPaymentService", "IPaymentService\IPaymentService.csproj", "{3CA6B135-C76C-41D8-810B-49A5F5D798C3}"
EndProject
Project("{FAE04EC0-301F-11D3-BF4B-00C04F79EFBC}") = "DependencyInjector", "DependenyInjector\DependencyInjector.csproj", "{FEC0F3F2-AEB7-4C3B-9039-1756F48EB161}"
EndProject
Project("{FAE04EC0-301F-11D3-BF4B-00C04F79EFBC}") = "PaymentServiceLib", "PaymentServiceLib\PaymentServiceLib.csproj", "{70C3D13B-D526-41B1-AB73-316C4EDA6EBE}"
EndProject
Project("{FAE04EC0-301F-11D3-BF4B-00C04F79EFBC}") = "Responses", "Responses\Responses.csproj", "{7036EEF0-26E4-4808-B544-D6C0021A8A30}"
EndProject
Project("{FAE04EC0-301F-11D3-BF4B-00C04F79EFBC}") = "TestPaymentService", "TestPaymentService\TestPaymentService.csproj", "{5FEE9DED-797B-4090-A9CD-A1CC237528C2}"
EndProject
Global
	GlobalSection(SolutionConfigurationPlatforms) = preSolution
		Debug_2.0|Any CPU = Debug_2.0|Any CPU
		Debug|Any CPU = Debug|Any CPU
		Release|Any CPU = Release|Any CPU
		Report|Any CPU = Report|Any CPU
	EndGlobalSection
	GlobalSection(ProjectConfigurationPlatforms) = postSolution
		{567D92E8-B67C-425B-8E99-B154069F7B24}.Debug_2.0|Any CPU.ActiveCfg = Debug|Any CPU
		{567D92E8-B67C-425B-8E99-B154069F7B24}.Debug_2.0|Any CPU.Build.0 = Debug|Any CPU
		{567D92E8-B67C-425B-8E99-B154069F7B24}.Debug|Any CPU.ActiveCfg = Debug|Any CPU
		{567D92E8-B67C-425B-8E99-B154069F7B24}.Debug|Any CPU.Build.0 = Debug|Any CPU
		{567D92E8-B67C-425B-8E99-B154069F7B24}.Release|Any CPU.ActiveCfg = Release|Any CPU
		{567D92E8-B67C-425B-8E99-B154069F7B24}.Release|Any CPU.Build.0 = Release|Any CPU
		{567D92E8-B67C-425B-8E99-B154069F7B24}.Report|Any CPU.ActiveCfg = Release|Any CPU
		{567D92E8-B67C-425B-8E99-B154069F7B24}.Report|Any CPU.Build.0 = Release|Any CPU
		{3CA6B135-C76C-41D8-810B-49A5F5D798C3}.Debug_2.0|Any CPU.ActiveCfg = Debug|Any CPU
		{3CA6B135-C76C-41D8-810B-49A5F5D798C3}.Debug_2.0|Any CPU.Build.0 = Debug|Any CPU
		{3CA6B135-C76C-41D8-810B-49A5F5D798C3}.Debug|Any CPU.ActiveCfg = Debug|Any CPU
		{3CA6B135-C76C-41D8-810B-49A5F5D798C3}.Debug|Any CPU.Build.0 = Debug|Any CPU
		{3CA6B135-C76C-41D8-810B-49A5F5D798C3}.Release|Any CPU.ActiveCfg = Release|Any CPU
		{3CA6B135-C76C-41D8-810B-49A5F5D798C3}.Release|Any CPU.Build.0 = Release|Any CPU
		{3CA6B135-C76C-41D8-810B-49A5F5D798C3}.Report|Any CPU.ActiveCfg = Release|Any CPU
		{3CA6B135-C76C-41D8-810B-49A5F5D798C3}.Report|Any CPU.Build.0 = Release|Any CPU
		{FEC0F3F2-AEB7-4C3B-9039-1756F48EB161}.Debug_2.0|Any CPU.ActiveCfg = Debug_2.0|Any CPU
		{FEC0F3F2-AEB7-4C3B-9039-1756F48EB161}.Debug_2.0|Any CPU.Build.0 = Debug_2.0|Any CPU
		{FEC0F3F2-AEB7-4C3B-9039-1756F48EB161}.Debug|Any CPU.ActiveCfg = Debug|Any CPU
		{FEC0F3F2-AEB7-4C3B-9039-1756F48EB161}.Debug|Any CPU.Build.0 = Debug|Any CPU
		{FEC0F3F2-AEB7-4C3B-9039-1756F48EB161}.Release|Any CPU.ActiveCfg = Release|Any CPU
		{FEC0F3F2-AEB7-4C3B-9039-1756F48EB161}.Release|Any CPU.Build.0 = Release|Any CPU
		{FEC0F3F2-AEB7-4C3B-9039-1756F48EB161}.Report|Any CPU.ActiveCfg = Report|Any CPU
		{FEC0F3F2-AEB7-4C3B-9039-1756F48EB161}.Report|Any CPU.Build.0 = Report|Any CPU
		{70C3D13B-D526-41B1-AB73-316C4EDA6EBE}.Debug_2.0|Any CPU.ActiveCfg = Debug|Any CPU
		{70C3D13B-D526-41B1-AB73-316C4EDA6EBE}.Debug_2.0|Any CPU.Build.0 = Debug|Any CPU
		{70C3D13B-D526-41B1-AB73-316C4EDA6EBE}.Debug|Any CPU.ActiveCfg = Debug|Any CPU
		{70C3D13B-D526-41B1-AB73-316C4EDA6EBE}.Debug|Any CPU.Build.0 = Debug|Any CPU
		{70C3D13B-D526-41B1-AB73-316C4EDA6EBE}.Release|Any CPU.ActiveCfg = Release|Any CPU
		{70C3D13B-D526-41B1-AB73-316C4EDA6EBE}.Release|Any CPU.Build.0 = Release|Any CPU
		{70C3D13B-D526-41B1-AB73-316C4EDA6EBE}.Report|Any CPU.ActiveCfg = Release|Any CPU
		{70C3D13B-D526-41B1-AB73-316C4EDA6EBE}.Report|Any CPU.Build.0 = Release|Any CPU
		{7036EEF0-26E4-4808-B544-D6C0021A8A30}.Debug_2.0|Any CPU.ActiveCfg = Debug_2.0|Any CPU
		{7036EEF0-26E4-4808-B544-D6C0021A8A30}.Debug_2.0|Any CPU.Build.0 = Debug_2.0|Any CPU
		{7036EEF0-26E4-4808-B544-D6C0021A8A30}.Debug|Any CPU.ActiveCfg = Debug|Any CPU
		{7036EEF0-26E4-4808-B544-D6C0021A8A30}.Debug|Any CPU.Build.0 = Debug|Any CPU
		{7036EEF0-26E4-4808-B544-D6C0021A8A30}.Release|Any CPU.ActiveCfg = Release|Any CPU
		{7036EEF0-26E4-4808-B544-D6C0021A8A30}.Release|Any CPU.Build.0 = Release|Any CPU
		{7036EEF0-26E4-4808-B544-D6C0021A8A30}.Report|Any CPU.ActiveCfg = Report|Any CPU
		{7036EEF0-26E4-4808-B544-D6C0021A8A30}.Report|Any CPU.Build.0 = Report|Any CPU
		{5FEE9DED-797B-4090-A9CD-A1CC237528C2}.Debug_2.0|Any CPU.ActiveCfg = Debug|Any CPU
		{5FEE9DED-797B-4090-A9CD-A1CC237528C2}.Debug_2.0|Any CPU.Build.0 = Debug|Any CPU
		{5FEE9DED-797B-4090-A9CD-A1CC237528C2}.Debug|Any CPU.ActiveCfg = Debug|Any CPU
		{5FEE9DED-797B-4090-A9CD-A1CC237528C2}.Debug|Any CPU.Build.0 = Debug|Any CPU
		{5FEE9DED-797B-4090-A9CD-A1CC237528C2}.Release|Any CPU.ActiveCfg = Release|Any CPU
		{5FEE9DED-797B-4090-A9CD-A1CC237528C2}.Release|Any CPU.Build.0 = Release|Any CPU
		{5FEE9DED-797B-4090-A9CD-A1CC237528C2}.Report|Any CPU.ActiveCfg = Release|Any CPU
		{5FEE9DED-797B-4090-A9CD-A1CC237528C2}.Report|Any CPU.Build.0 = Release|Any CPU
	EndGlobalSection
	GlobalSection(SolutionProperties) = preSolution
		HideSolutionNode = FALSE
	EndGlobalSection
	GlobalSection(ExtensibilityGlobals) = postSolution
		SolutionGuid = {291FFBF9-823C-4700-B591-EFAD364D6F80}
	EndGlobalSection
EndGlobal
